
Microsoft Visual Studio Solution File, Format Version 12.00
# Visual Studio Version 16
VisualStudioVersion = 16.0.30002.166
MinimumVisualStudioVersion = 10.0.40219.1
Project("{FAE04EC0-301F-11D3-BF4B-00C04F79EFBC}") = "Yahtzee", "Yahtzee\Yahtzee.csproj", "{450EB787-DACB-4CFA-8E1C-7EF1E5737160}"
EndProject
Project("{FAE04EC0-301F-11D3-BF4B-00C04F79EFBC}") = "Yahtzee.UnitTests", "Yahtzee.UnitTests\Yahtzee.UnitTests.csproj", "{EA848048-F82C-4337-ABE3-6ECF1D2D31D4}"
EndProject
Global
	GlobalSection(SolutionConfigurationPlatforms) = preSolution
		Debug|Any CPU = Debug|Any CPU
		Release|Any CPU = Release|Any CPU
	EndGlobalSection
	GlobalSection(ProjectConfigurationPlatforms) = postSolution
		{450EB787-DACB-4CFA-8E1C-7EF1E5737160}.Debug|Any CPU.ActiveCfg = Debug|Any CPU
		{450EB787-DACB-4CFA-8E1C-7EF1E5737160}.Debug|Any CPU.Build.0 = Debug|Any CPU
		{450EB787-DACB-4CFA-8E1C-7EF1E5737160}.Release|Any CPU.ActiveCfg = Release|Any CPU
		{450EB787-DACB-4CFA-8E1C-7EF1E5737160}.Release|Any CPU.Build.0 = Release|Any CPU
		{EA848048-F82C-4337-ABE3-6ECF1D2D31D4}.Debug|Any CPU.ActiveCfg = Debug|Any CPU
		{EA848048-F82C-4337-ABE3-6ECF1D2D31D4}.Debug|Any CPU.Build.0 = Debug|Any CPU
		{EA848048-F82C-4337-ABE3-6ECF1D2D31D4}.Release|Any CPU.ActiveCfg = Release|Any CPU
		{EA848048-F82C-4337-ABE3-6ECF1D2D31D4}.Release|Any CPU.Build.0 = Release|Any CPU
	EndGlobalSection
	GlobalSection(SolutionProperties) = preSolution
		HideSolutionNode = FALSE
	EndGlobalSection
	GlobalSection(ExtensibilityGlobals) = postSolution
		SolutionGuid = {D2EF708A-A150-4A89-A211-671F8C474FEF}
	EndGlobalSection
EndGlobal
